// !$*UTF8*$!
{
	archiveVersion = 1;
	classes = {
	};
	objectVersion = 56;
	objects = {

/* Begin PBXBuildFile section */
		F944F3E92B164F0B002C31F2 /* Hike_AppApp.swift in Sources */ = {isa = PBXBuildFile; fileRef = F944F3E82B164F0B002C31F2 /* Hike_AppApp.swift */; };
		F944F3EB2B164F0B002C31F2 /* ContentView.swift in Sources */ = {isa = PBXBuildFile; fileRef = F944F3EA2B164F0B002C31F2 /* ContentView.swift */; };
		F944F3ED2B164F0B002C31F2 /* Item.swift in Sources */ = {isa = PBXBuildFile; fileRef = F944F3EC2B164F0B002C31F2 /* Item.swift */; };
		F944F3EF2B164F12002C31F2 /* Assets.xcassets in Resources */ = {isa = PBXBuildFile; fileRef = F944F3EE2B164F12002C31F2 /* Assets.xcassets */; };
		F944F3F22B164F12002C31F2 /* Preview Assets.xcassets in Resources */ = {isa = PBXBuildFile; fileRef = F944F3F12B164F12002C31F2 /* Preview Assets.xcassets */; };
		F970DA302B1655DD008C384D /* CardView.swift in Sources */ = {isa = PBXBuildFile; fileRef = F970DA2F2B1655DD008C384D /* CardView.swift */; };
		F970DA332B16577E008C384D /* CustomBackGroundView.swift in Sources */ = {isa = PBXBuildFile; fileRef = F970DA322B16577E008C384D /* CustomBackGroundView.swift */; };
		F970DA352B165B6B008C384D /* ColorExtention.swift in Sources */ = {isa = PBXBuildFile; fileRef = F970DA342B165B6B008C384D /* ColorExtention.swift */; };
		F983D0812B167BA200ACB20B /* CustomButtonView.swift in Sources */ = {isa = PBXBuildFile; fileRef = F983D0802B167BA200ACB20B /* CustomButtonView.swift */; };
		F99291342B1A181800E846F1 /* GradientButtonStyle.swift in Sources */ = {isa = PBXBuildFile; fileRef = F99291332B1A181800E846F1 /* GradientButtonStyle.swift */; };
		F99291362B1A1D5900E846F1 /* CustomCircleView.swift in Sources */ = {isa = PBXBuildFile; fileRef = F99291352B1A1D5900E846F1 /* CustomCircleView.swift */; };
		F99291382B1A21A100E846F1 /* MotionAnimationView.swift in Sources */ = {isa = PBXBuildFile; fileRef = F99291372B1A21A100E846F1 /* MotionAnimationView.swift */; };
		F9BF81A42C243B78008E4960 /* SettingsView.swift in Sources */ = {isa = PBXBuildFile; fileRef = F9BF81A32C243B78008E4960 /* SettingsView.swift */; };
		F9BF81A72C2448EB008E4960 /* CustomListRow.swift in Sources */ = {isa = PBXBuildFile; fileRef = F9BF81A62C2448EB008E4960 /* CustomListRow.swift */; };
/* End PBXBuildFile section */

/* Begin PBXFileReference section */
		F944F3E52B164F0B002C31F2 /* Hike_App.app */ = {isa = PBXFileReference; explicitFileType = wrapper.application; includeInIndex = 0; path = Hike_App.app; sourceTree = BUILT_PRODUCTS_DIR; };
		F944F3E82B164F0B002C31F2 /* Hike_AppApp.swift */ = {isa = PBXFileReference; lastKnownFileType = sourcecode.swift; path = Hike_AppApp.swift; sourceTree = "<group>"; };
		F944F3EA2B164F0B002C31F2 /* ContentView.swift */ = {isa = PBXFileReference; lastKnownFileType = sourcecode.swift; path = ContentView.swift; sourceTree = "<group>"; };
		F944F3EC2B164F0B002C31F2 /* Item.swift */ = {isa = PBXFileReference; lastKnownFileType = sourcecode.swift; path = Item.swift; sourceTree = "<group>"; };
		F944F3EE2B164F12002C31F2 /* Assets.xcassets */ = {isa = PBXFileReference; lastKnownFileType = folder.assetcatalog; path = Assets.xcassets; sourceTree = "<group>"; };
		F944F3F12B164F12002C31F2 /* Preview Assets.xcassets */ = {isa = PBXFileReference; lastKnownFileType = folder.assetcatalog; path = "Preview Assets.xcassets"; sourceTree = "<group>"; };
		F970DA2F2B1655DD008C384D /* CardView.swift */ = {isa = PBXFileReference; lastKnownFileType = sourcecode.swift; path = CardView.swift; sourceTree = "<group>"; };
		F970DA322B16577E008C384D /* CustomBackGroundView.swift */ = {isa = PBXFileReference; lastKnownFileType = sourcecode.swift; path = CustomBackGroundView.swift; sourceTree = "<group>"; };
		F970DA342B165B6B008C384D /* ColorExtention.swift */ = {isa = PBXFileReference; lastKnownFileType = sourcecode.swift; path = ColorExtention.swift; sourceTree = "<group>"; };
		F983D0802B167BA200ACB20B /* CustomButtonView.swift */ = {isa = PBXFileReference; lastKnownFileType = sourcecode.swift; path = CustomButtonView.swift; sourceTree = "<group>"; };
		F99291332B1A181800E846F1 /* GradientButtonStyle.swift */ = {isa = PBXFileReference; lastKnownFileType = sourcecode.swift; path = GradientButtonStyle.swift; sourceTree = "<group>"; };
		F99291352B1A1D5900E846F1 /* CustomCircleView.swift */ = {isa = PBXFileReference; lastKnownFileType = sourcecode.swift; path = CustomCircleView.swift; sourceTree = "<group>"; };
		F99291372B1A21A100E846F1 /* MotionAnimationView.swift */ = {isa = PBXFileReference; lastKnownFileType = sourcecode.swift; path = MotionAnimationView.swift; sourceTree = "<group>"; };
		F9BF81A32C243B78008E4960 /* SettingsView.swift */ = {isa = PBXFileReference; lastKnownFileType = sourcecode.swift; path = SettingsView.swift; sourceTree = "<group>"; };
		F9BF81A62C2448EB008E4960 /* CustomListRow.swift */ = {isa = PBXFileReference; lastKnownFileType = sourcecode.swift; path = CustomListRow.swift; sourceTree = "<group>"; };
/* End PBXFileReference section */

/* Begin PBXFrameworksBuildPhase section */
		F944F3E22B164F0B002C31F2 /* Frameworks */ = {
			isa = PBXFrameworksBuildPhase;
			buildActionMask = 2147483647;
			files = (
			);
			runOnlyForDeploymentPostprocessing = 0;
		};
/* End PBXFrameworksBuildPhase section */

/* Begin PBXGroup section */
		F944F3DC2B164F0B002C31F2 = {
			isa = PBXGroup;
			children = (
				F99291322B1A180000E846F1 /* utility */,
				F944F3E72B164F0B002C31F2 /* Hike_App */,
				F944F3E62B164F0B002C31F2 /* Products */,
			);
			sourceTree = "<group>";
		};
		F944F3E62B164F0B002C31F2 /* Products */ = {
			isa = PBXGroup;
			children = (
				F944F3E52B164F0B002C31F2 /* Hike_App.app */,
			);
			name = Products;
			sourceTree = "<group>";
		};
		F944F3E72B164F0B002C31F2 /* Hike_App */ = {
			isa = PBXGroup;
			children = (
				F944F3E82B164F0B002C31F2 /* Hike_AppApp.swift */,
				F9BF81A22C243B00008E4960 /* SScreen */,
				F944F3EC2B164F0B002C31F2 /* Item.swift */,
				F944F3EE2B164F12002C31F2 /* Assets.xcassets */,
				F944F3F02B164F12002C31F2 /* Preview Content */,
				F970DA312B16574F008C384D /* components */,
				F970DA342B165B6B008C384D /* ColorExtention.swift */,
			);
			path = Hike_App;
			sourceTree = "<group>";
		};
		F944F3F02B164F12002C31F2 /* Preview Content */ = {
			isa = PBXGroup;
			children = (
				F944F3F12B164F12002C31F2 /* Preview Assets.xcassets */,
			);
			path = "Preview Content";
			sourceTree = "<group>";
		};
		F970DA312B16574F008C384D /* components */ = {
			isa = PBXGroup;
			children = (
				F970DA2F2B1655DD008C384D /* CardView.swift */,
				F970DA322B16577E008C384D /* CustomBackGroundView.swift */,
				F983D0802B167BA200ACB20B /* CustomButtonView.swift */,
				F99291352B1A1D5900E846F1 /* CustomCircleView.swift */,
				F99291372B1A21A100E846F1 /* MotionAnimationView.swift */,
				F9BF81A62C2448EB008E4960 /* CustomListRow.swift */,
			);
			path = components;
			sourceTree = "<group>";
		};
		F99291322B1A180000E846F1 /* utility */ = {
			isa = PBXGroup;
			children = (
				F99291332B1A181800E846F1 /* GradientButtonStyle.swift */,
			);
			path = utility;
			sourceTree = "<group>";
		};
		F9BF81A22C243B00008E4960 /* SScreen */ = {
			isa = PBXGroup;
			children = (
				F944F3EA2B164F0B002C31F2 /* ContentView.swift */,
				F9BF81A32C243B78008E4960 /* SettingsView.swift */,
			);
			path = SScreen;
			sourceTree = "<group>";
		};
/* End PBXGroup section */

/* Begin PBXNativeTarget section */
		F944F3E42B164F0B002C31F2 /* Hike_App */ = {
			isa = PBXNativeTarget;
			buildConfigurationList = F944F3F52B164F12002C31F2 /* Build configuration list for PBXNativeTarget "Hike_App" */;
			buildPhases = (
				F944F3E12B164F0B002C31F2 /* Sources */,
				F944F3E22B164F0B002C31F2 /* Frameworks */,
				F944F3E32B164F0B002C31F2 /* Resources */,
			);
			buildRules = (
			);
			dependencies = (
			);
			name = Hike_App;
			productName = Hike_App;
			productReference = F944F3E52B164F0B002C31F2 /* Hike_App.app */;
			productType = "com.apple.product-type.application";
		};
/* End PBXNativeTarget section */

/* Begin PBXProject section */
		F944F3DD2B164F0B002C31F2 /* Project object */ = {
			isa = PBXProject;
			attributes = {
				BuildIndependentTargetsInParallel = 1;
				LastSwiftUpdateCheck = 1500;
				LastUpgradeCheck = 1500;
				TargetAttributes = {
					F944F3E42B164F0B002C31F2 = {
						CreatedOnToolsVersion = 15.0.1;
					};
				};
			};
			buildConfigurationList = F944F3E02B164F0B002C31F2 /* Build configuration list for PBXProject "Hike_App" */;
			compatibilityVersion = "Xcode 14.0";
			developmentRegion = en;
			hasScannedForEncodings = 0;
			knownRegions = (
				en,
				Base,
			);
			mainGroup = F944F3DC2B164F0B002C31F2;
			productRefGroup = F944F3E62B164F0B002C31F2 /* Products */;
			projectDirPath = "";
			projectRoot = "";
			targets = (
				F944F3E42B164F0B002C31F2 /* Hike_App */,
			);
		};
/* End PBXProject section */

/* Begin PBXResourcesBuildPhase section */
		F944F3E32B164F0B002C31F2 /* Resources */ = {
			isa = PBXResourcesBuildPhase;
			buildActionMask = 2147483647;
			files = (
				F944F3F22B164F12002C31F2 /* Preview Assets.xcassets in Resources */,
				F944F3EF2B164F12002C31F2 /* Assets.xcassets in Resources */,
			);
			runOnlyForDeploymentPostprocessing = 0;
		};
/* End PBXResourcesBuildPhase section */

/* Begin PBXSourcesBuildPhase section */
		F944F3E12B164F0B002C31F2 /* Sources */ = {
			isa = PBXSourcesBuildPhase;
			buildActionMask = 2147483647;
			files = (
				F983D0812B167BA200ACB20B /* CustomButtonView.swift in Sources */,
				F970DA352B165B6B008C384D /* ColorExtention.swift in Sources */,
				F99291362B1A1D5900E846F1 /* CustomCircleView.swift in Sources */,
				F944F3EB2B164F0B002C31F2 /* ContentView.swift in Sources */,
				F944F3ED2B164F0B002C31F2 /* Item.swift in Sources */,
				F9BF81A72C2448EB008E4960 /* CustomListRow.swift in Sources */,
				F970DA332B16577E008C384D /* CustomBackGroundView.swift in Sources */,
				F970DA302B1655DD008C384D /* CardView.swift in Sources */,
				F944F3E92B164F0B002C31F2 /* Hike_AppApp.swift in Sources */,
				F99291342B1A181800E846F1 /* GradientButtonStyle.swift in Sources */,
				F99291382B1A21A100E846F1 /* MotionAnimationView.swift in Sources */,
				F9BF81A42C243B78008E4960 /* SettingsView.swift in Sources */,
			);
			runOnlyForDeploymentPostprocessing = 0;
		};
/* End PBXSourcesBuildPhase section */

/* Begin XCBuildConfiguration section */
		F944F3F32B164F12002C31F2 /* Debug */ = {
			isa = XCBuildConfiguration;
			buildSettings = {
				ALWAYS_SEARCH_USER_PATHS = NO;
				ASSETCATALOG_COMPILER_GENERATE_SWIFT_ASSET_SYMBOL_EXTENSIONS = YES;
				CLANG_ANALYZER_NONNULL = YES;
				CLANG_ANALYZER_NUMBER_OBJECT_CONVERSION = YES_AGGRESSIVE;
				CLANG_CXX_LANGUAGE_STANDARD = "gnu++20";
				CLANG_ENABLE_MODULES = YES;
				CLANG_ENABLE_OBJC_ARC = YES;
				CLANG_ENABLE_OBJC_WEAK = YES;
				CLANG_WARN_BLOCK_CAPTURE_AUTORELEASING = YES;
				CLANG_WARN_BOOL_CONVERSION = YES;
				CLANG_WARN_COMMA = YES;
				CLANG_WARN_CONSTANT_CONVERSION = YES;
				CLANG_WARN_DEPRECATED_OBJC_IMPLEMENTATIONS = YES;
				CLANG_WARN_DIRECT_OBJC_ISA_USAGE = YES_ERROR;
				CLANG_WARN_DOCUMENTATION_COMMENTS = YES;
				CLANG_WARN_EMPTY_BODY = YES;
				CLANG_WARN_ENUM_CONVERSION = YES;
				CLANG_WARN_INFINITE_RECURSION = YES;
				CLANG_WARN_INT_CONVERSION = YES;
				CLANG_WARN_NON_LITERAL_NULL_CONVERSION = YES;
				CLANG_WARN_OBJC_IMPLICIT_RETAIN_SELF = YES;
				CLANG_WARN_OBJC_LITERAL_CONVERSION = YES;
				CLANG_WARN_OBJC_ROOT_CLASS = YES_ERROR;
				CLANG_WARN_QUOTED_INCLUDE_IN_FRAMEWORK_HEADER = YES;
				CLANG_WARN_RANGE_LOOP_ANALYSIS = YES;
				CLANG_WARN_STRICT_PROTOTYPES = YES;
				CLANG_WARN_SUSPICIOUS_MOVE = YES;
				CLANG_WARN_UNGUARDED_AVAILABILITY = YES_AGGRESSIVE;
				CLANG_WARN_UNREACHABLE_CODE = YES;
				CLANG_WARN__DUPLICATE_METHOD_MATCH = YES;
				COPY_PHASE_STRIP = NO;
				DEBUG_INFORMATION_FORMAT = dwarf;
				ENABLE_STRICT_OBJC_MSGSEND = YES;
				ENABLE_TESTABILITY = YES;
				ENABLE_USER_SCRIPT_SANDBOXING = YES;
				GCC_C_LANGUAGE_STANDARD = gnu17;
				GCC_DYNAMIC_NO_PIC = NO;
				GCC_NO_COMMON_BLOCKS = YES;
				GCC_OPTIMIZATION_LEVEL = 0;
				GCC_PREPROCESSOR_DEFINITIONS = (
					"DEBUG=1",
					"$(inherited)",
				);
				GCC_WARN_64_TO_32_BIT_CONVERSION = YES;
				GCC_WARN_ABOUT_RETURN_TYPE = YES_ERROR;
				GCC_WARN_UNDECLARED_SELECTOR = YES;
				GCC_WARN_UNINITIALIZED_AUTOS = YES_AGGRESSIVE;
				GCC_WARN_UNUSED_FUNCTION = YES;
				GCC_WARN_UNUSED_VARIABLE = YES;
				IPHONEOS_DEPLOYMENT_TARGET = 17.0;
				LOCALIZATION_PREFERS_STRING_CATALOGS = YES;
				MTL_ENABLE_DEBUG_INFO = INCLUDE_SOURCE;
				MTL_FAST_MATH = YES;
				ONLY_ACTIVE_ARCH = YES;
				SDKROOT = iphoneos;
				SWIFT_ACTIVE_COMPILATION_CONDITIONS = "DEBUG $(inherited)";
				SWIFT_OPTIMIZATION_LEVEL = "-Onone";
			};
			name = Debug;
		};
		F944F3F42B164F12002C31F2 /* Release */ = {
			isa = XCBuildConfiguration;
			buildSettings = {
				ALWAYS_SEARCH_USER_PATHS = NO;
				ASSETCATALOG_COMPILER_GENERATE_SWIFT_ASSET_SYMBOL_EXTENSIONS = YES;
				CLANG_ANALYZER_NONNULL = YES;
				CLANG_ANALYZER_NUMBER_OBJECT_CONVERSION = YES_AGGRESSIVE;
				CLANG_CXX_LANGUAGE_STANDARD = "gnu++20";
				CLANG_ENABLE_MODULES = YES;
				CLANG_ENABLE_OBJC_ARC = YES;
				CLANG_ENABLE_OBJC_WEAK = YES;
				CLANG_WARN_BLOCK_CAPTURE_AUTORELEASING = YES;
				CLANG_WARN_BOOL_CONVERSION = YES;
				CLANG_WARN_COMMA = YES;
				CLANG_WARN_CONSTANT_CONVERSION = YES;
				CLANG_WARN_DEPRECATED_OBJC_IMPLEMENTATIONS = YES;
				CLANG_WARN_DIRECT_OBJC_ISA_USAGE = YES_ERROR;
				CLANG_WARN_DOCUMENTATION_COMMENTS = YES;
				CLANG_WARN_EMPTY_BODY = YES;
				CLANG_WARN_ENUM_CONVERSION = YES;
				CLANG_WARN_INFINITE_RECURSION = YES;
				CLANG_WARN_INT_CONVERSION = YES;
				CLANG_WARN_NON_LITERAL_NULL_CONVERSION = YES;
				CLANG_WARN_OBJC_IMPLICIT_RETAIN_SELF = YES;
				CLANG_WARN_OBJC_LITERAL_CONVERSION = YES;
				CLANG_WARN_OBJC_ROOT_CLASS = YES_ERROR;
				CLANG_WARN_QUOTED_INCLUDE_IN_FRAMEWORK_HEADER = YES;
				CLANG_WARN_RANGE_LOOP_ANALYSIS = YES;
				CLANG_WARN_STRICT_PROTOTYPES = YES;
				CLANG_WARN_SUSPICIOUS_MOVE = YES;
				CLANG_WARN_UNGUARDED_AVAILABILITY = YES_AGGRESSIVE;
				CLANG_WARN_UNREACHABLE_CODE = YES;
				CLANG_WARN__DUPLICATE_METHOD_MATCH = YES;
				COPY_PHASE_STRIP = NO;
				DEBUG_INFORMATION_FORMAT = "dwarf-with-dsym";
				ENABLE_NS_ASSERTIONS = NO;
				ENABLE_STRICT_OBJC_MSGSEND = YES;
				ENABLE_USER_SCRIPT_SANDBOXING = YES;
				GCC_C_LANGUAGE_STANDARD = gnu17;
				GCC_NO_COMMON_BLOCKS = YES;
				GCC_WARN_64_TO_32_BIT_CONVERSION = YES;
				GCC_WARN_ABOUT_RETURN_TYPE = YES_ERROR;
				GCC_WARN_UNDECLARED_SELECTOR = YES;
				GCC_WARN_UNINITIALIZED_AUTOS = YES_AGGRESSIVE;
				GCC_WARN_UNUSED_FUNCTION = YES;
				GCC_WARN_UNUSED_VARIABLE = YES;
				IPHONEOS_DEPLOYMENT_TARGET = 17.0;
				LOCALIZATION_PREFERS_STRING_CATALOGS = YES;
				MTL_ENABLE_DEBUG_INFO = NO;
				MTL_FAST_MATH = YES;
				SDKROOT = iphoneos;
				SWIFT_COMPILATION_MODE = wholemodule;
				VALIDATE_PRODUCT = YES;
			};
			name = Release;
		};
		F944F3F62B164F12002C31F2 /* Debug */ = {
			isa = XCBuildConfiguration;
			buildSettings = {
				ASSETCATALOG_COMPILER_ALTERNATE_APPICON_NAMES = "AppIcon-Campfire AppIcon-Backpack AppIcon-Camera AppIcon-Mushroom AppIcon-Map AppIcon-MagnifyingGlass";
				ASSETCATALOG_COMPILER_APPICON_NAME = AppIcon;
				ASSETCATALOG_COMPILER_GLOBAL_ACCENT_COLOR_NAME = AccentColor;
				ASSETCATALOG_COMPILER_INCLUDE_ALL_APPICON_ASSETS = YES;
				CODE_SIGN_STYLE = Automatic;
				CURRENT_PROJECT_VERSION = 1;
				DEVELOPMENT_ASSET_PATHS = "\"Hike_App/Preview Content\"";
				DEVELOPMENT_TEAM = FK49APQ4KS;
				ENABLE_PREVIEWS = YES;
				GENERATE_INFOPLIST_FILE = YES;
				INFOPLIST_KEY_UIApplicationSceneManifest_Generation = YES;
				INFOPLIST_KEY_UIApplicationSupportsIndirectInputEvents = YES;
				INFOPLIST_KEY_UILaunchScreen_Generation = YES;
				INFOPLIST_KEY_UISupportedInterfaceOrientations_iPad = "UIInterfaceOrientationPortrait UIInterfaceOrientationPortraitUpsideDown UIInterfaceOrientationLandscapeLeft UIInterfaceOrientationLandscapeRight";
				INFOPLIST_KEY_UISupportedInterfaceOrientations_iPhone = "UIInterfaceOrientationPortrait UIInterfaceOrientationLandscapeLeft UIInterfaceOrientationLandscapeRight";
				LD_RUNPATH_SEARCH_PATHS = (
					"$(inherited)",
					"@executable_path/Frameworks",
				);
				MARKETING_VERSION = 1.0;
				PRODUCT_BUNDLE_IDENTIFIER = "com.mo.Hike-App";
				PRODUCT_NAME = "$(TARGET_NAME)";
				SWIFT_EMIT_LOC_STRINGS = YES;
				SWIFT_VERSION = 5.0;
				TARGETED_DEVICE_FAMILY = "1,2";
			};
			name = Debug;
		};
		F944F3F72B164F12002C31F2 /* Release */ = {
			isa = XCBuildConfiguration;
			buildSettings = {
				ASSETCATALOG_COMPILER_ALTERNATE_APPICON_NAMES = "AppIcon-Campfire AppIcon-Backpack AppIcon-Camera AppIcon-Mushroom AppIcon-Map AppIcon-MagnifyingGlass";
				ASSETCATALOG_COMPILER_APPICON_NAME = AppIcon;
				ASSETCATALOG_COMPILER_GLOBAL_ACCENT_COLOR_NAME = AccentColor;
				ASSETCATALOG_COMPILER_INCLUDE_ALL_APPICON_ASSETS = YES;
				CODE_SIGN_STYLE = Automatic;
				CURRENT_PROJECT_VERSION = 1;
				DEVELOPMENT_ASSET_PATHS = "\"Hike_App/Preview Content\"";
				DEVELOPMENT_TEAM = FK49APQ4KS;
				ENABLE_PREVIEWS = YES;
				GENERATE_INFOPLIST_FILE = YES;
				INFOPLIST_KEY_UIApplicationSceneManifest_Generation = YES;
				INFOPLIST_KEY_UIApplicationSupportsIndirectInputEvents = YES;
				INFOPLIST_KEY_UILaunchScreen_Generation = YES;
				INFOPLIST_KEY_UISupportedInterfaceOrientations_iPad = "UIInterfaceOrientationPortrait UIInterfaceOrientationPortraitUpsideDown UIInterfaceOrientationLandscapeLeft UIInterfaceOrientationLandscapeRight";
				INFOPLIST_KEY_UISupportedInterfaceOrientations_iPhone = "UIInterfaceOrientationPortrait UIInterfaceOrientationLandscapeLeft UIInterfaceOrientationLandscapeRight";
				LD_RUNPATH_SEARCH_PATHS = (
					"$(inherited)",
					"@executable_path/Frameworks",
				);
				MARKETING_VERSION = 1.0;
				PRODUCT_BUNDLE_IDENTIFIER = "com.mo.Hike-App";
				PRODUCT_NAME = "$(TARGET_NAME)";
				SWIFT_EMIT_LOC_STRINGS = YES;
				SWIFT_VERSION = 5.0;
				TARGETED_DEVICE_FAMILY = "1,2";
			};
			name = Release;
		};
/* End XCBuildConfiguration section */

/* Begin XCConfigurationList section */
		F944F3E02B164F0B002C31F2 /* Build configuration list for PBXProject "Hike_App" */ = {
			isa = XCConfigurationList;
			buildConfigurations = (
				F944F3F32B164F12002C31F2 /* Debug */,
				F944F3F42B164F12002C31F2 /* Release */,
			);
			defaultConfigurationIsVisible = 0;
			defaultConfigurationName = Release;
		};
		F944F3F52B164F12002C31F2 /* Build configuration list for PBXNativeTarget "Hike_App" */ = {
			isa = XCConfigurationList;
			buildConfigurations = (
				F944F3F62B164F12002C31F2 /* Debug */,
				F944F3F72B164F12002C31F2 /* Release */,
			);
			defaultConfigurationIsVisible = 0;
			defaultConfigurationName = Release;
		};
/* End XCConfigurationList section */
	};
	rootObject = F944F3DD2B164F0B002C31F2 /* Project object */;
}
